
Microsoft Visual Studio Solution File, Format Version 12.00
# Visual Studio Version 16
VisualStudioVersion = 16.0.29418.71
MinimumVisualStudioVersion = 10.0.40219.1
Project("{FAE04EC0-301F-11D3-BF4B-00C04F79EFBC}") = "GenericGraphBasedScripter", "GenericGraphBasedScripter.csproj", "{ECAC8D7D-0BD9-4D8C-BC51-D04A4FB9FB93}"
EndProject
Global
	GlobalSection(SolutionConfigurationPlatforms) = preSolution
		Debug|Any CPU = Debug|Any CPU
		Release|Any CPU = Release|Any CPU
	EndGlobalSection
	GlobalSection(ProjectConfigurationPlatforms) = postSolution
		{ECAC8D7D-0BD9-4D8C-BC51-D04A4FB9FB93}.Debug|Any CPU.ActiveCfg = Debug|Any CPU
		{ECAC8D7D-0BD9-4D8C-BC51-D04A4FB9FB93}.Debug|Any CPU.Build.0 = Debug|Any CPU
		{ECAC8D7D-0BD9-4D8C-BC51-D04A4FB9FB93}.Release|Any CPU.ActiveCfg = Release|Any CPU
		{ECAC8D7D-0BD9-4D8C-BC51-D04A4FB9FB93}.Release|Any CPU.Build.0 = Release|Any CPU
	EndGlobalSection
	GlobalSection(SolutionProperties) = preSolution
		HideSolutionNode = FALSE
	EndGlobalSection
	GlobalSection(ExtensibilityGlobals) = postSolution
		SolutionGuid = {4FDD7BF6-3AFF-4FFB-A7A1-50CC50B58959}
	EndGlobalSection
EndGlobal
